// !$*UTF8*$!
{
	archiveVersion = 1;
	classes = {
	};
	objectVersion = 50;
	objects = {

/* Begin PBXBuildFile section */
		26682A182207169600F767B7 /* AppDelegate.swift in Sources */ = {isa = PBXBuildFile; fileRef = 26682A172207169600F767B7 /* AppDelegate.swift */; };
		26682A1A2207169600F767B7 /* ViewController.swift in Sources */ = {isa = PBXBuildFile; fileRef = 26682A192207169600F767B7 /* ViewController.swift */; };
		26682A1D2207169600F767B7 /* Main.storyboard in Resources */ = {isa = PBXBuildFile; fileRef = 26682A1B2207169600F767B7 /* Main.storyboard */; };
		26682A1F2207169700F767B7 /* Assets.xcassets in Resources */ = {isa = PBXBuildFile; fileRef = 26682A1E2207169700F767B7 /* Assets.xcassets */; };
		26682A222207169700F767B7 /* LaunchScreen.storyboard in Resources */ = {isa = PBXBuildFile; fileRef = 26682A202207169700F767B7 /* LaunchScreen.storyboard */; };
		26682A2D2207169700F767B7 /* table_dynamic_mealTests.swift in Sources */ = {isa = PBXBuildFile; fileRef = 26682A2C2207169700F767B7 /* table_dynamic_mealTests.swift */; };
		26682A382207169700F767B7 /* table_dynamic_mealUITests.swift in Sources */ = {isa = PBXBuildFile; fileRef = 26682A372207169700F767B7 /* table_dynamic_mealUITests.swift */; };
/* End PBXBuildFile section */

/* Begin PBXContainerItemProxy section */
		26682A292207169700F767B7 /* PBXContainerItemProxy */ = {
			isa = PBXContainerItemProxy;
			containerPortal = 26682A0C2207169600F767B7 /* Project object */;
			proxyType = 1;
			remoteGlobalIDString = 26682A132207169600F767B7;
			remoteInfo = "table-dynamic-meal";
		};
		26682A342207169700F767B7 /* PBXContainerItemProxy */ = {
			isa = PBXContainerItemProxy;
			containerPortal = 26682A0C2207169600F767B7 /* Project object */;
			proxyType = 1;
			remoteGlobalIDString = 26682A132207169600F767B7;
			remoteInfo = "table-dynamic-meal";
		};
/* End PBXContainerItemProxy section */

/* Begin PBXFileReference section */
		26682A142207169600F767B7 /* table-dynamic-meal.app */ = {isa = PBXFileReference; explicitFileType = wrapper.application; includeInIndex = 0; path = "table-dynamic-meal.app"; sourceTree = BUILT_PRODUCTS_DIR; };
		26682A172207169600F767B7 /* AppDelegate.swift */ = {isa = PBXFileReference; lastKnownFileType = sourcecode.swift; path = AppDelegate.swift; sourceTree = "<group>"; };
		26682A192207169600F767B7 /* ViewController.swift */ = {isa = PBXFileReference; lastKnownFileType = sourcecode.swift; path = ViewController.swift; sourceTree = "<group>"; };
		26682A1C2207169600F767B7 /* Base */ = {isa = PBXFileReference; lastKnownFileType = file.storyboard; name = Base; path = Base.lproj/Main.storyboard; sourceTree = "<group>"; };
		26682A1E2207169700F767B7 /* Assets.xcassets */ = {isa = PBXFileReference; lastKnownFileType = folder.assetcatalog; path = Assets.xcassets; sourceTree = "<group>"; };
		26682A212207169700F767B7 /* Base */ = {isa = PBXFileReference; lastKnownFileType = file.storyboard; name = Base; path = Base.lproj/LaunchScreen.storyboard; sourceTree = "<group>"; };
		26682A232207169700F767B7 /* Info.plist */ = {isa = PBXFileReference; lastKnownFileType = text.plist.xml; path = Info.plist; sourceTree = "<group>"; };
		26682A282207169700F767B7 /* table-dynamic-mealTests.xctest */ = {isa = PBXFileReference; explicitFileType = wrapper.cfbundle; includeInIndex = 0; path = "table-dynamic-mealTests.xctest"; sourceTree = BUILT_PRODUCTS_DIR; };
		26682A2C2207169700F767B7 /* table_dynamic_mealTests.swift */ = {isa = PBXFileReference; lastKnownFileType = sourcecode.swift; path = table_dynamic_mealTests.swift; sourceTree = "<group>"; };
		26682A2E2207169700F767B7 /* Info.plist */ = {isa = PBXFileReference; lastKnownFileType = text.plist.xml; path = Info.plist; sourceTree = "<group>"; };
		26682A332207169700F767B7 /* table-dynamic-mealUITests.xctest */ = {isa = PBXFileReference; explicitFileType = wrapper.cfbundle; includeInIndex = 0; path = "table-dynamic-mealUITests.xctest"; sourceTree = BUILT_PRODUCTS_DIR; };
		26682A372207169700F767B7 /* table_dynamic_mealUITests.swift */ = {isa = PBXFileReference; lastKnownFileType = sourcecode.swift; path = table_dynamic_mealUITests.swift; sourceTree = "<group>"; };
		26682A392207169700F767B7 /* Info.plist */ = {isa = PBXFileReference; lastKnownFileType = text.plist.xml; path = Info.plist; sourceTree = "<group>"; };
/* End PBXFileReference section */

/* Begin PBXFrameworksBuildPhase section */
		26682A112207169600F767B7 /* Frameworks */ = {
			isa = PBXFrameworksBuildPhase;
			buildActionMask = 2147483647;
			files = (
			);
			runOnlyForDeploymentPostprocessing = 0;
		};
		26682A252207169700F767B7 /* Frameworks */ = {
			isa = PBXFrameworksBuildPhase;
			buildActionMask = 2147483647;
			files = (
			);
			runOnlyForDeploymentPostprocessing = 0;
		};
		26682A302207169700F767B7 /* Frameworks */ = {
			isa = PBXFrameworksBuildPhase;
			buildActionMask = 2147483647;
			files = (
			);
			runOnlyForDeploymentPostprocessing = 0;
		};
/* End PBXFrameworksBuildPhase section */

/* Begin PBXGroup section */
		26682A0B2207169600F767B7 = {
			isa = PBXGroup;
			children = (
				26682A162207169600F767B7 /* table-dynamic-meal */,
				26682A2B2207169700F767B7 /* table-dynamic-mealTests */,
				26682A362207169700F767B7 /* table-dynamic-mealUITests */,
				26682A152207169600F767B7 /* Products */,
			);
			sourceTree = "<group>";
		};
		26682A152207169600F767B7 /* Products */ = {
			isa = PBXGroup;
			children = (
				26682A142207169600F767B7 /* table-dynamic-meal.app */,
				26682A282207169700F767B7 /* table-dynamic-mealTests.xctest */,
				26682A332207169700F767B7 /* table-dynamic-mealUITests.xctest */,
			);
			name = Products;
			sourceTree = "<group>";
		};
		26682A162207169600F767B7 /* table-dynamic-meal */ = {
			isa = PBXGroup;
			children = (
				26682A172207169600F767B7 /* AppDelegate.swift */,
				26682A192207169600F767B7 /* ViewController.swift */,
				26682A1B2207169600F767B7 /* Main.storyboard */,
				26682A1E2207169700F767B7 /* Assets.xcassets */,
				26682A202207169700F767B7 /* LaunchScreen.storyboard */,
				26682A232207169700F767B7 /* Info.plist */,
			);
			path = "table-dynamic-meal";
			sourceTree = "<group>";
		};
		26682A2B2207169700F767B7 /* table-dynamic-mealTests */ = {
			isa = PBXGroup;
			children = (
				26682A2C2207169700F767B7 /* table_dynamic_mealTests.swift */,
				26682A2E2207169700F767B7 /* Info.plist */,
			);
			path = "table-dynamic-mealTests";
			sourceTree = "<group>";
		};
		26682A362207169700F767B7 /* table-dynamic-mealUITests */ = {
			isa = PBXGroup;
			children = (
				26682A372207169700F767B7 /* table_dynamic_mealUITests.swift */,
				26682A392207169700F767B7 /* Info.plist */,
			);
			path = "table-dynamic-mealUITests";
			sourceTree = "<group>";
		};
/* End PBXGroup section */

/* Begin PBXNativeTarget section */
		26682A132207169600F767B7 /* table-dynamic-meal */ = {
			isa = PBXNativeTarget;
			buildConfigurationList = 26682A3C2207169700F767B7 /* Build configuration list for PBXNativeTarget "table-dynamic-meal" */;
			buildPhases = (
				26682A102207169600F767B7 /* Sources */,
				26682A112207169600F767B7 /* Frameworks */,
				26682A122207169600F767B7 /* Resources */,
			);
			buildRules = (
			);
			dependencies = (
			);
			name = "table-dynamic-meal";
			productName = "table-dynamic-meal";
			productReference = 26682A142207169600F767B7 /* table-dynamic-meal.app */;
			productType = "com.apple.product-type.application";
		};
		26682A272207169700F767B7 /* table-dynamic-mealTests */ = {
			isa = PBXNativeTarget;
			buildConfigurationList = 26682A3F2207169700F767B7 /* Build configuration list for PBXNativeTarget "table-dynamic-mealTests" */;
			buildPhases = (
				26682A242207169700F767B7 /* Sources */,
				26682A252207169700F767B7 /* Frameworks */,
				26682A262207169700F767B7 /* Resources */,
			);
			buildRules = (
			);
			dependencies = (
				26682A2A2207169700F767B7 /* PBXTargetDependency */,
			);
			name = "table-dynamic-mealTests";
			productName = "table-dynamic-mealTests";
			productReference = 26682A282207169700F767B7 /* table-dynamic-mealTests.xctest */;
			productType = "com.apple.product-type.bundle.unit-test";
		};
		26682A322207169700F767B7 /* table-dynamic-mealUITests */ = {
			isa = PBXNativeTarget;
			buildConfigurationList = 26682A422207169700F767B7 /* Build configuration list for PBXNativeTarget "table-dynamic-mealUITests" */;
			buildPhases = (
				26682A2F2207169700F767B7 /* Sources */,
				26682A302207169700F767B7 /* Frameworks */,
				26682A312207169700F767B7 /* Resources */,
			);
			buildRules = (
			);
			dependencies = (
				26682A352207169700F767B7 /* PBXTargetDependency */,
			);
			name = "table-dynamic-mealUITests";
			productName = "table-dynamic-mealUITests";
			productReference = 26682A332207169700F767B7 /* table-dynamic-mealUITests.xctest */;
			productType = "com.apple.product-type.bundle.ui-testing";
		};
/* End PBXNativeTarget section */

/* Begin PBXProject section */
		26682A0C2207169600F767B7 /* Project object */ = {
			isa = PBXProject;
			attributes = {
				LastSwiftUpdateCheck = 1010;
				LastUpgradeCheck = 1010;
				ORGANIZATIONNAME = "Mauro Augusto Diniz";
				TargetAttributes = {
					26682A132207169600F767B7 = {
						CreatedOnToolsVersion = 10.1;
					};
					26682A272207169700F767B7 = {
						CreatedOnToolsVersion = 10.1;
						TestTargetID = 26682A132207169600F767B7;
					};
					26682A322207169700F767B7 = {
						CreatedOnToolsVersion = 10.1;
						TestTargetID = 26682A132207169600F767B7;
					};
				};
			};
			buildConfigurationList = 26682A0F2207169600F767B7 /* Build configuration list for PBXProject "table-dynamic-meal" */;
			compatibilityVersion = "Xcode 9.3";
			developmentRegion = en;
			hasScannedForEncodings = 0;
			knownRegions = (
				en,
				Base,
			);
			mainGroup = 26682A0B2207169600F767B7;
			productRefGroup = 26682A152207169600F767B7 /* Products */;
			projectDirPath = "";
			projectRoot = "";
			targets = (
				26682A132207169600F767B7 /* table-dynamic-meal */,
				26682A272207169700F767B7 /* table-dynamic-mealTests */,
				26682A322207169700F767B7 /* table-dynamic-mealUITests */,
			);
		};
/* End PBXProject section */

/* Begin PBXResourcesBuildPhase section */
		26682A122207169600F767B7 /* Resources */ = {
			isa = PBXResourcesBuildPhase;
			buildActionMask = 2147483647;
			files = (
				26682A222207169700F767B7 /* LaunchScreen.storyboard in Resources */,
				26682A1F2207169700F767B7 /* Assets.xcassets in Resources */,
				26682A1D2207169600F767B7 /* Main.storyboard in Resources */,
			);
			runOnlyForDeploymentPostprocessing = 0;
		};
		26682A262207169700F767B7 /* Resources */ = {
			isa = PBXResourcesBuildPhase;
			buildActionMask = 2147483647;
			files = (
			);
			runOnlyForDeploymentPostprocessing = 0;
		};
		26682A312207169700F767B7 /* Resources */ = {
			isa = PBXResourcesBuildPhase;
			buildActionMask = 2147483647;
			files = (
			);
			runOnlyForDeploymentPostprocessing = 0;
		};
/* End PBXResourcesBuildPhase section */

/* Begin PBXSourcesBuildPhase section */
		26682A102207169600F767B7 /* Sources */ = {
			isa = PBXSourcesBuildPhase;
			buildActionMask = 2147483647;
			files = (
				26682A1A2207169600F767B7 /* ViewController.swift in Sources */,
				26682A182207169600F767B7 /* AppDelegate.swift in Sources */,
			);
			runOnlyForDeploymentPostprocessing = 0;
		};
		26682A242207169700F767B7 /* Sources */ = {
			isa = PBXSourcesBuildPhase;
			buildActionMask = 2147483647;
			files = (
				26682A2D2207169700F767B7 /* table_dynamic_mealTests.swift in Sources */,
			);
			runOnlyForDeploymentPostprocessing = 0;
		};
		26682A2F2207169700F767B7 /* Sources */ = {
			isa = PBXSourcesBuildPhase;
			buildActionMask = 2147483647;
			files = (
				26682A382207169700F767B7 /* table_dynamic_mealUITests.swift in Sources */,
			);
			runOnlyForDeploymentPostprocessing = 0;
		};
/* End PBXSourcesBuildPhase section */

/* Begin PBXTargetDependency section */
		26682A2A2207169700F767B7 /* PBXTargetDependency */ = {
			isa = PBXTargetDependency;
			target = 26682A132207169600F767B7 /* table-dynamic-meal */;
			targetProxy = 26682A292207169700F767B7 /* PBXContainerItemProxy */;
		};
		26682A352207169700F767B7 /* PBXTargetDependency */ = {
			isa = PBXTargetDependency;
			target = 26682A132207169600F767B7 /* table-dynamic-meal */;
			targetProxy = 26682A342207169700F767B7 /* PBXContainerItemProxy */;
		};
/* End PBXTargetDependency section */

/* Begin PBXVariantGroup section */
		26682A1B2207169600F767B7 /* Main.storyboard */ = {
			isa = PBXVariantGroup;
			children = (
				26682A1C2207169600F767B7 /* Base */,
			);
			name = Main.storyboard;
			sourceTree = "<group>";
		};
		26682A202207169700F767B7 /* LaunchScreen.storyboard */ = {
			isa = PBXVariantGroup;
			children = (
				26682A212207169700F767B7 /* Base */,
			);
			name = LaunchScreen.storyboard;
			sourceTree = "<group>";
		};
/* End PBXVariantGroup section */

/* Begin XCBuildConfiguration section */
		26682A3A2207169700F767B7 /* Debug */ = {
			isa = XCBuildConfiguration;
			buildSettings = {
				ALWAYS_SEARCH_USER_PATHS = NO;
				CLANG_ANALYZER_NONNULL = YES;
				CLANG_ANALYZER_NUMBER_OBJECT_CONVERSION = YES_AGGRESSIVE;
				CLANG_CXX_LANGUAGE_STANDARD = "gnu++14";
				CLANG_CXX_LIBRARY = "libc++";
				CLANG_ENABLE_MODULES = YES;
				CLANG_ENABLE_OBJC_ARC = YES;
				CLANG_ENABLE_OBJC_WEAK = YES;
				CLANG_WARN_BLOCK_CAPTURE_AUTORELEASING = YES;
				CLANG_WARN_BOOL_CONVERSION = YES;
				CLANG_WARN_COMMA = YES;
				CLANG_WARN_CONSTANT_CONVERSION = YES;
				CLANG_WARN_DEPRECATED_OBJC_IMPLEMENTATIONS = YES;
				CLANG_WARN_DIRECT_OBJC_ISA_USAGE = YES_ERROR;
				CLANG_WARN_DOCUMENTATION_COMMENTS = YES;
				CLANG_WARN_EMPTY_BODY = YES;
				CLANG_WARN_ENUM_CONVERSION = YES;
				CLANG_WARN_INFINITE_RECURSION = YES;
				CLANG_WARN_INT_CONVERSION = YES;
				CLANG_WARN_NON_LITERAL_NULL_CONVERSION = YES;
				CLANG_WARN_OBJC_IMPLICIT_RETAIN_SELF = YES;
				CLANG_WARN_OBJC_LITERAL_CONVERSION = YES;
				CLANG_WARN_OBJC_ROOT_CLASS = YES_ERROR;
				CLANG_WARN_RANGE_LOOP_ANALYSIS = YES;
				CLANG_WARN_STRICT_PROTOTYPES = YES;
				CLANG_WARN_SUSPICIOUS_MOVE = YES;
				CLANG_WARN_UNGUARDED_AVAILABILITY = YES_AGGRESSIVE;
				CLANG_WARN_UNREACHABLE_CODE = YES;
				CLANG_WARN__DUPLICATE_METHOD_MATCH = YES;
				CODE_SIGN_IDENTITY = "iPhone Developer";
				COPY_PHASE_STRIP = NO;
				DEBUG_INFORMATION_FORMAT = dwarf;
				ENABLE_STRICT_OBJC_MSGSEND = YES;
				ENABLE_TESTABILITY = YES;
				GCC_C_LANGUAGE_STANDARD = gnu11;
				GCC_DYNAMIC_NO_PIC = NO;
				GCC_NO_COMMON_BLOCKS = YES;
				GCC_OPTIMIZATION_LEVEL = 0;
				GCC_PREPROCESSOR_DEFINITIONS = (
					"DEBUG=1",
					"$(inherited)",
				);
				GCC_WARN_64_TO_32_BIT_CONVERSION = YES;
				GCC_WARN_ABOUT_RETURN_TYPE = YES_ERROR;
				GCC_WARN_UNDECLARED_SELECTOR = YES;
				GCC_WARN_UNINITIALIZED_AUTOS = YES_AGGRESSIVE;
				GCC_WARN_UNUSED_FUNCTION = YES;
				GCC_WARN_UNUSED_VARIABLE = YES;
				IPHONEOS_DEPLOYMENT_TARGET = 12.1;
				MTL_ENABLE_DEBUG_INFO = INCLUDE_SOURCE;
				MTL_FAST_MATH = YES;
				ONLY_ACTIVE_ARCH = YES;
				SDKROOT = iphoneos;
				SWIFT_ACTIVE_COMPILATION_CONDITIONS = DEBUG;
				SWIFT_OPTIMIZATION_LEVEL = "-Onone";
			};
			name = Debug;
		};
		26682A3B2207169700F767B7 /* Release */ = {
			isa = XCBuildConfiguration;
			buildSettings = {
				ALWAYS_SEARCH_USER_PATHS = NO;
				CLANG_ANALYZER_NONNULL = YES;
				CLANG_ANALYZER_NUMBER_OBJECT_CONVERSION = YES_AGGRESSIVE;
				CLANG_CXX_LANGUAGE_STANDARD = "gnu++14";
				CLANG_CXX_LIBRARY = "libc++";
				CLANG_ENABLE_MODULES = YES;
				CLANG_ENABLE_OBJC_ARC = YES;
				CLANG_ENABLE_OBJC_WEAK = YES;
				CLANG_WARN_BLOCK_CAPTURE_AUTORELEASING = YES;
				CLANG_WARN_BOOL_CONVERSION = YES;
				CLANG_WARN_COMMA = YES;
				CLANG_WARN_CONSTANT_CONVERSION = YES;
				CLANG_WARN_DEPRECATED_OBJC_IMPLEMENTATIONS = YES;
				CLANG_WARN_DIRECT_OBJC_ISA_USAGE = YES_ERROR;
				CLANG_WARN_DOCUMENTATION_COMMENTS = YES;
				CLANG_WARN_EMPTY_BODY = YES;
				CLANG_WARN_ENUM_CONVERSION = YES;
				CLANG_WARN_INFINITE_RECURSION = YES;
				CLANG_WARN_INT_CONVERSION = YES;
				CLANG_WARN_NON_LITERAL_NULL_CONVERSION = YES;
				CLANG_WARN_OBJC_IMPLICIT_RETAIN_SELF = YES;
				CLANG_WARN_OBJC_LITERAL_CONVERSION = YES;
				CLANG_WARN_OBJC_ROOT_CLASS = YES_ERROR;
				CLANG_WARN_RANGE_LOOP_ANALYSIS = YES;
				CLANG_WARN_STRICT_PROTOTYPES = YES;
				CLANG_WARN_SUSPICIOUS_MOVE = YES;
				CLANG_WARN_UNGUARDED_AVAILABILITY = YES_AGGRESSIVE;
				CLANG_WARN_UNREACHABLE_CODE = YES;
				CLANG_WARN__DUPLICATE_METHOD_MATCH = YES;
				CODE_SIGN_IDENTITY = "iPhone Developer";
				COPY_PHASE_STRIP = NO;
				DEBUG_INFORMATION_FORMAT = "dwarf-with-dsym";
				ENABLE_NS_ASSERTIONS = NO;
				ENABLE_STRICT_OBJC_MSGSEND = YES;
				GCC_C_LANGUAGE_STANDARD = gnu11;
				GCC_NO_COMMON_BLOCKS = YES;
				GCC_WARN_64_TO_32_BIT_CONVERSION = YES;
				GCC_WARN_ABOUT_RETURN_TYPE = YES_ERROR;
				GCC_WARN_UNDECLARED_SELECTOR = YES;
				GCC_WARN_UNINITIALIZED_AUTOS = YES_AGGRESSIVE;
				GCC_WARN_UNUSED_FUNCTION = YES;
				GCC_WARN_UNUSED_VARIABLE = YES;
				IPHONEOS_DEPLOYMENT_TARGET = 12.1;
				MTL_ENABLE_DEBUG_INFO = NO;
				MTL_FAST_MATH = YES;
				SDKROOT = iphoneos;
				SWIFT_COMPILATION_MODE = wholemodule;
				SWIFT_OPTIMIZATION_LEVEL = "-O";
				VALIDATE_PRODUCT = YES;
			};
			name = Release;
		};
		26682A3D2207169700F767B7 /* Debug */ = {
			isa = XCBuildConfiguration;
			buildSettings = {
				ASSETCATALOG_COMPILER_APPICON_NAME = AppIcon;
				CODE_SIGN_STYLE = Automatic;
				INFOPLIST_FILE = "table-dynamic-meal/Info.plist";
				IPHONEOS_DEPLOYMENT_TARGET = 11.0;
				LD_RUNPATH_SEARCH_PATHS = (
					"$(inherited)",
					"@executable_path/Frameworks",
				);
				PRODUCT_BUNDLE_IDENTIFIER = "br.com.alura.table-dynamic-meal";
				PRODUCT_NAME = "$(TARGET_NAME)";
				SWIFT_VERSION = 4.2;
				TARGETED_DEVICE_FAMILY = "1,2";
			};
			name = Debug;
		};
		26682A3E2207169700F767B7 /* Release */ = {
			isa = XCBuildConfiguration;
			buildSettings = {
				ASSETCATALOG_COMPILER_APPICON_NAME = AppIcon;
				CODE_SIGN_STYLE = Automatic;
				INFOPLIST_FILE = "table-dynamic-meal/Info.plist";
				IPHONEOS_DEPLOYMENT_TARGET = 11.0;
				LD_RUNPATH_SEARCH_PATHS = (
					"$(inherited)",
					"@executable_path/Frameworks",
				);
				PRODUCT_BUNDLE_IDENTIFIER = "br.com.alura.table-dynamic-meal";
				PRODUCT_NAME = "$(TARGET_NAME)";
				SWIFT_VERSION = 4.2;
				TARGETED_DEVICE_FAMILY = "1,2";
			};
			name = Release;
		};
		26682A402207169700F767B7 /* Debug */ = {
			isa = XCBuildConfiguration;
			buildSettings = {
				ALWAYS_EMBED_SWIFT_STANDARD_LIBRARIES = YES;
				BUNDLE_LOADER = "$(TEST_HOST)";
				CODE_SIGN_STYLE = Automatic;
				INFOPLIST_FILE = "table-dynamic-mealTests/Info.plist";
				LD_RUNPATH_SEARCH_PATHS = (
					"$(inherited)",
					"@executable_path/Frameworks",
					"@loader_path/Frameworks",
				);
				PRODUCT_BUNDLE_IDENTIFIER = "br.com.alura.table-dynamic-mealTests";
				PRODUCT_NAME = "$(TARGET_NAME)";
				SWIFT_VERSION = 4.2;
				TARGETED_DEVICE_FAMILY = "1,2";
				TEST_HOST = "$(BUILT_PRODUCTS_DIR)/table-dynamic-meal.app/table-dynamic-meal";
			};
			name = Debug;
		};
		26682A412207169700F767B7 /* Release */ = {
			isa = XCBuildConfiguration;
			buildSettings = {
				ALWAYS_EMBED_SWIFT_STANDARD_LIBRARIES = YES;
				BUNDLE_LOADER = "$(TEST_HOST)";
				CODE_SIGN_STYLE = Automatic;
				INFOPLIST_FILE = "table-dynamic-mealTests/Info.plist";
				LD_RUNPATH_SEARCH_PATHS = (
					"$(inherited)",
					"@executable_path/Frameworks",
					"@loader_path/Frameworks",
				);
				PRODUCT_BUNDLE_IDENTIFIER = "br.com.alura.table-dynamic-mealTests";
				PRODUCT_NAME = "$(TARGET_NAME)";
				SWIFT_VERSION = 4.2;
				TARGETED_DEVICE_FAMILY = "1,2";
				TEST_HOST = "$(BUILT_PRODUCTS_DIR)/table-dynamic-meal.app/table-dynamic-meal";
			};
			name = Release;
		};
		26682A432207169700F767B7 /* Debug */ = {
			isa = XCBuildConfiguration;
			buildSettings = {
				ALWAYS_EMBED_SWIFT_STANDARD_LIBRARIES = YES;
				CODE_SIGN_STYLE = Automatic;
				INFOPLIST_FILE = "table-dynamic-mealUITests/Info.plist";
				LD_RUNPATH_SEARCH_PATHS = (
					"$(inherited)",
					"@executable_path/Frameworks",
					"@loader_path/Frameworks",
				);
				PRODUCT_BUNDLE_IDENTIFIER = "br.com.alura.table-dynamic-mealUITests";
				PRODUCT_NAME = "$(TARGET_NAME)";
				SWIFT_VERSION = 4.2;
				TARGETED_DEVICE_FAMILY = "1,2";
				TEST_TARGET_NAME = "table-dynamic-meal";
			};
			name = Debug;
		};
		26682A442207169700F767B7 /* Release */ = {
			isa = XCBuildConfiguration;
			buildSettings = {
				ALWAYS_EMBED_SWIFT_STANDARD_LIBRARIES = YES;
				CODE_SIGN_STYLE = Automatic;
				INFOPLIST_FILE = "table-dynamic-mealUITests/Info.plist";
				LD_RUNPATH_SEARCH_PATHS = (
					"$(inherited)",
					"@executable_path/Frameworks",
					"@loader_path/Frameworks",
				);
				PRODUCT_BUNDLE_IDENTIFIER = "br.com.alura.table-dynamic-mealUITests";
				PRODUCT_NAME = "$(TARGET_NAME)";
				SWIFT_VERSION = 4.2;
				TARGETED_DEVICE_FAMILY = "1,2";
				TEST_TARGET_NAME = "table-dynamic-meal";
			};
			name = Release;
		};
/* End XCBuildConfiguration section */

/* Begin XCConfigurationList section */
		26682A0F2207169600F767B7 /* Build configuration list for PBXProject "table-dynamic-meal" */ = {
			isa = XCConfigurationList;
			buildConfigurations = (
				26682A3A2207169700F767B7 /* Debug */,
				26682A3B2207169700F767B7 /* Release */,
			);
			defaultConfigurationIsVisible = 0;
			defaultConfigurationName = Release;
		};
		26682A3C2207169700F767B7 /* Build configuration list for PBXNativeTarget "table-dynamic-meal" */ = {
			isa = XCConfigurationList;
			buildConfigurations = (
				26682A3D2207169700F767B7 /* Debug */,
				26682A3E2207169700F767B7 /* Release */,
			);
			defaultConfigurationIsVisible = 0;
			defaultConfigurationName = Release;
		};
		26682A3F2207169700F767B7 /* Build configuration list for PBXNativeTarget "table-dynamic-mealTests" */ = {
			isa = XCConfigurationList;
			buildConfigurations = (
				26682A402207169700F767B7 /* Debug */,
				26682A412207169700F767B7 /* Release */,
			);
			defaultConfigurationIsVisible = 0;
			defaultConfigurationName = Release;
		};
		26682A422207169700F767B7 /* Build configuration list for PBXNativeTarget "table-dynamic-mealUITests" */ = {
			isa = XCConfigurationList;
			buildConfigurations = (
				26682A432207169700F767B7 /* Debug */,
				26682A442207169700F767B7 /* Release */,
			);
			defaultConfigurationIsVisible = 0;
			defaultConfigurationName = Release;
		};
/* End XCConfigurationList section */
	};
	rootObject = 26682A0C2207169600F767B7 /* Project object */;
}
